
Microsoft Visual Studio Solution File, Format Version 12.00
# Visual Studio Version 16
VisualStudioVersion = 16.0.30503.244
MinimumVisualStudioVersion = 10.0.40219.1
Project("{9A19103F-16F7-4668-BE54-9A1E7A4F7556}") = "MerryMethods", "MerryMethods\MerryMethods.csproj", "{F3EBE195-AB3A-4F24-A218-CA4C6B739377}"
EndProject
Project("{9A19103F-16F7-4668-BE54-9A1E7A4F7556}") = "LeapYear", "LeapYear\LeapYear.csproj", "{B6806FCF-8E67-438B-9AA1-65EA7FE8409E}"
EndProject
Project("{FAE04EC0-301F-11D3-BF4B-00C04F79EFBC}") = "NameArray", "NameArray\NameArray.csproj", "{25AFDD77-902B-4D0E-BB69-7F7376514F51}"
EndProject
Global
	GlobalSection(SolutionConfigurationPlatforms) = preSolution
		Debug|Any CPU = Debug|Any CPU
		Release|Any CPU = Release|Any CPU
	EndGlobalSection
	GlobalSection(ProjectConfigurationPlatforms) = postSolution
		{F3EBE195-AB3A-4F24-A218-CA4C6B739377}.Debug|Any CPU.ActiveCfg = Debug|Any CPU
		{F3EBE195-AB3A-4F24-A218-CA4C6B739377}.Debug|Any CPU.Build.0 = Debug|Any CPU
		{F3EBE195-AB3A-4F24-A218-CA4C6B739377}.Release|Any CPU.ActiveCfg = Release|Any CPU
		{F3EBE195-AB3A-4F24-A218-CA4C6B739377}.Release|Any CPU.Build.0 = Release|Any CPU
		{B6806FCF-8E67-438B-9AA1-65EA7FE8409E}.Debug|Any CPU.ActiveCfg = Debug|Any CPU
		{B6806FCF-8E67-438B-9AA1-65EA7FE8409E}.Debug|Any CPU.Build.0 = Debug|Any CPU
		{B6806FCF-8E67-438B-9AA1-65EA7FE8409E}.Release|Any CPU.ActiveCfg = Release|Any CPU
		{B6806FCF-8E67-438B-9AA1-65EA7FE8409E}.Release|Any CPU.Build.0 = Release|Any CPU
		{25AFDD77-902B-4D0E-BB69-7F7376514F51}.Debug|Any CPU.ActiveCfg = Debug|Any CPU
		{25AFDD77-902B-4D0E-BB69-7F7376514F51}.Debug|Any CPU.Build.0 = Debug|Any CPU
		{25AFDD77-902B-4D0E-BB69-7F7376514F51}.Release|Any CPU.ActiveCfg = Release|Any CPU
		{25AFDD77-902B-4D0E-BB69-7F7376514F51}.Release|Any CPU.Build.0 = Release|Any CPU
	EndGlobalSection
	GlobalSection(SolutionProperties) = preSolution
		HideSolutionNode = FALSE
	EndGlobalSection
	GlobalSection(ExtensibilityGlobals) = postSolution
		SolutionGuid = {053306FB-D4FB-47EA-B795-F01FB6F55E76}
	EndGlobalSection
EndGlobal
